// !$*UTF8*$!
{
	archiveVersion = 1;
	classes = {
	};
	objectVersion = 46;
	objects = {

/* Begin PBXBuildFile section */
		3B1896191B52DBB3007566DB /* AppDelegate.swift in Sources */ = {isa = PBXBuildFile; fileRef = 3B1896181B52DBB3007566DB /* AppDelegate.swift */; };
		3B18961C1B52DBB3007566DB /* LoriJackTest.xcdatamodeld in Sources */ = {isa = PBXBuildFile; fileRef = 3B18961A1B52DBB3007566DB /* LoriJackTest.xcdatamodeld */; };
		3B18961E1B52DBB3007566DB /* ViewController.swift in Sources */ = {isa = PBXBuildFile; fileRef = 3B18961D1B52DBB3007566DB /* ViewController.swift */; };
		3B1896211B52DBB3007566DB /* Main.storyboard in Resources */ = {isa = PBXBuildFile; fileRef = 3B18961F1B52DBB3007566DB /* Main.storyboard */; };
		3B1896231B52DBB3007566DB /* Images.xcassets in Resources */ = {isa = PBXBuildFile; fileRef = 3B1896221B52DBB3007566DB /* Images.xcassets */; };
		3B1896261B52DBB3007566DB /* LaunchScreen.xib in Resources */ = {isa = PBXBuildFile; fileRef = 3B1896241B52DBB3007566DB /* LaunchScreen.xib */; };
		3B1896321B52DBB3007566DB /* LoriJackTestTests.swift in Sources */ = {isa = PBXBuildFile; fileRef = 3B1896311B52DBB3007566DB /* LoriJackTestTests.swift */; };
/* End PBXBuildFile section */

/* Begin PBXContainerItemProxy section */
		3B18962C1B52DBB3007566DB /* PBXContainerItemProxy */ = {
			isa = PBXContainerItemProxy;
			containerPortal = 3B18960B1B52DBB3007566DB /* Project object */;
			proxyType = 1;
			remoteGlobalIDString = 3B1896121B52DBB3007566DB;
			remoteInfo = LoriJackTest;
		};
/* End PBXContainerItemProxy section */

/* Begin PBXFileReference section */
		3B1896131B52DBB3007566DB /* LoriJackTest.app */ = {isa = PBXFileReference; explicitFileType = wrapper.application; includeInIndex = 0; path = LoriJackTest.app; sourceTree = BUILT_PRODUCTS_DIR; };
		3B1896171B52DBB3007566DB /* Info.plist */ = {isa = PBXFileReference; lastKnownFileType = text.plist.xml; path = Info.plist; sourceTree = "<group>"; };
		3B1896181B52DBB3007566DB /* AppDelegate.swift */ = {isa = PBXFileReference; lastKnownFileType = sourcecode.swift; path = AppDelegate.swift; sourceTree = "<group>"; };
		3B18961B1B52DBB3007566DB /* LoriJackTest.xcdatamodel */ = {isa = PBXFileReference; lastKnownFileType = wrapper.xcdatamodel; path = LoriJackTest.xcdatamodel; sourceTree = "<group>"; };
		3B18961D1B52DBB3007566DB /* ViewController.swift */ = {isa = PBXFileReference; lastKnownFileType = sourcecode.swift; path = ViewController.swift; sourceTree = "<group>"; };
		3B1896201B52DBB3007566DB /* Base */ = {isa = PBXFileReference; lastKnownFileType = file.storyboard; name = Base; path = Base.lproj/Main.storyboard; sourceTree = "<group>"; };
		3B1896221B52DBB3007566DB /* Images.xcassets */ = {isa = PBXFileReference; lastKnownFileType = folder.assetcatalog; path = Images.xcassets; sourceTree = "<group>"; };
		3B1896251B52DBB3007566DB /* Base */ = {isa = PBXFileReference; lastKnownFileType = file.xib; name = Base; path = Base.lproj/LaunchScreen.xib; sourceTree = "<group>"; };
		3B18962B1B52DBB3007566DB /* LoriJackTestTests.xctest */ = {isa = PBXFileReference; explicitFileType = wrapper.cfbundle; includeInIndex = 0; path = LoriJackTestTests.xctest; sourceTree = BUILT_PRODUCTS_DIR; };
		3B1896301B52DBB3007566DB /* Info.plist */ = {isa = PBXFileReference; lastKnownFileType = text.plist.xml; path = Info.plist; sourceTree = "<group>"; };
		3B1896311B52DBB3007566DB /* LoriJackTestTests.swift */ = {isa = PBXFileReference; lastKnownFileType = sourcecode.swift; path = LoriJackTestTests.swift; sourceTree = "<group>"; };
/* End PBXFileReference section */

/* Begin PBXFrameworksBuildPhase section */
		3B1896101B52DBB3007566DB /* Frameworks */ = {
			isa = PBXFrameworksBuildPhase;
			buildActionMask = 2147483647;
			files = (
			);
			runOnlyForDeploymentPostprocessing = 0;
		};
		3B1896281B52DBB3007566DB /* Frameworks */ = {
			isa = PBXFrameworksBuildPhase;
			buildActionMask = 2147483647;
			files = (
			);
			runOnlyForDeploymentPostprocessing = 0;
		};
/* End PBXFrameworksBuildPhase section */

/* Begin PBXGroup section */
		3B18960A1B52DBB3007566DB = {
			isa = PBXGroup;
			children = (
				3B1896151B52DBB3007566DB /* LoriJackTest */,
				3B18962E1B52DBB3007566DB /* LoriJackTestTests */,
				3B1896141B52DBB3007566DB /* Products */,
			);
			sourceTree = "<group>";
		};
		3B1896141B52DBB3007566DB /* Products */ = {
			isa = PBXGroup;
			children = (
				3B1896131B52DBB3007566DB /* LoriJackTest.app */,
				3B18962B1B52DBB3007566DB /* LoriJackTestTests.xctest */,
			);
			name = Products;
			sourceTree = "<group>";
		};
		3B1896151B52DBB3007566DB /* LoriJackTest */ = {
			isa = PBXGroup;
			children = (
				3B1896181B52DBB3007566DB /* AppDelegate.swift */,
				3B18961D1B52DBB3007566DB /* ViewController.swift */,
				3B18961F1B52DBB3007566DB /* Main.storyboard */,
				3B1896221B52DBB3007566DB /* Images.xcassets */,
				3B1896241B52DBB3007566DB /* LaunchScreen.xib */,
				3B18961A1B52DBB3007566DB /* LoriJackTest.xcdatamodeld */,
				3B1896161B52DBB3007566DB /* Supporting Files */,
			);
			path = LoriJackTest;
			sourceTree = "<group>";
		};
		3B1896161B52DBB3007566DB /* Supporting Files */ = {
			isa = PBXGroup;
			children = (
				3B1896171B52DBB3007566DB /* Info.plist */,
			);
			name = "Supporting Files";
			sourceTree = "<group>";
		};
		3B18962E1B52DBB3007566DB /* LoriJackTestTests */ = {
			isa = PBXGroup;
			children = (
				3B1896311B52DBB3007566DB /* LoriJackTestTests.swift */,
				3B18962F1B52DBB3007566DB /* Supporting Files */,
			);
			path = LoriJackTestTests;
			sourceTree = "<group>";
		};
		3B18962F1B52DBB3007566DB /* Supporting Files */ = {
			isa = PBXGroup;
			children = (
				3B1896301B52DBB3007566DB /* Info.plist */,
			);
			name = "Supporting Files";
			sourceTree = "<group>";
		};
/* End PBXGroup section */

/* Begin PBXNativeTarget section */
		3B1896121B52DBB3007566DB /* LoriJackTest */ = {
			isa = PBXNativeTarget;
			buildConfigurationList = 3B1896351B52DBB3007566DB /* Build configuration list for PBXNativeTarget "LoriJackTest" */;
			buildPhases = (
				3B18960F1B52DBB3007566DB /* Sources */,
				3B1896101B52DBB3007566DB /* Frameworks */,
				3B1896111B52DBB3007566DB /* Resources */,
			);
			buildRules = (
			);
			dependencies = (
			);
			name = LoriJackTest;
			productName = LoriJackTest;
			productReference = 3B1896131B52DBB3007566DB /* LoriJackTest.app */;
			productType = "com.apple.product-type.application";
		};
		3B18962A1B52DBB3007566DB /* LoriJackTestTests */ = {
			isa = PBXNativeTarget;
			buildConfigurationList = 3B1896381B52DBB3007566DB /* Build configuration list for PBXNativeTarget "LoriJackTestTests" */;
			buildPhases = (
				3B1896271B52DBB3007566DB /* Sources */,
				3B1896281B52DBB3007566DB /* Frameworks */,
				3B1896291B52DBB3007566DB /* Resources */,
			);
			buildRules = (
			);
			dependencies = (
				3B18962D1B52DBB3007566DB /* PBXTargetDependency */,
			);
			name = LoriJackTestTests;
			productName = LoriJackTestTests;
			productReference = 3B18962B1B52DBB3007566DB /* LoriJackTestTests.xctest */;
			productType = "com.apple.product-type.bundle.unit-test";
		};
/* End PBXNativeTarget section */

/* Begin PBXProject section */
		3B18960B1B52DBB3007566DB /* Project object */ = {
			isa = PBXProject;
			attributes = {
				LastUpgradeCheck = 0640;
				ORGANIZATIONNAME = Hugomatica;
				TargetAttributes = {
					3B1896121B52DBB3007566DB = {
						CreatedOnToolsVersion = 6.4;
					};
					3B18962A1B52DBB3007566DB = {
						CreatedOnToolsVersion = 6.4;
						TestTargetID = 3B1896121B52DBB3007566DB;
					};
				};
			};
			buildConfigurationList = 3B18960E1B52DBB3007566DB /* Build configuration list for PBXProject "LoriJackTest" */;
			compatibilityVersion = "Xcode 3.2";
			developmentRegion = English;
			hasScannedForEncodings = 0;
			knownRegions = (
				en,
				Base,
			);
			mainGroup = 3B18960A1B52DBB3007566DB;
			productRefGroup = 3B1896141B52DBB3007566DB /* Products */;
			projectDirPath = "";
			projectRoot = "";
			targets = (
				3B1896121B52DBB3007566DB /* LoriJackTest */,
				3B18962A1B52DBB3007566DB /* LoriJackTestTests */,
			);
		};
/* End PBXProject section */

/* Begin PBXResourcesBuildPhase section */
		3B1896111B52DBB3007566DB /* Resources */ = {
			isa = PBXResourcesBuildPhase;
			buildActionMask = 2147483647;
			files = (
				3B1896211B52DBB3007566DB /* Main.storyboard in Resources */,
				3B1896261B52DBB3007566DB /* LaunchScreen.xib in Resources */,
				3B1896231B52DBB3007566DB /* Images.xcassets in Resources */,
			);
			runOnlyForDeploymentPostprocessing = 0;
		};
		3B1896291B52DBB3007566DB /* Resources */ = {
			isa = PBXResourcesBuildPhase;
			buildActionMask = 2147483647;
			files = (
			);
			runOnlyForDeploymentPostprocessing = 0;
		};
/* End PBXResourcesBuildPhase section */

/* Begin PBXSourcesBuildPhase section */
		3B18960F1B52DBB3007566DB /* Sources */ = {
			isa = PBXSourcesBuildPhase;
			buildActionMask = 2147483647;
			files = (
				3B18961E1B52DBB3007566DB /* ViewController.swift in Sources */,
				3B18961C1B52DBB3007566DB /* LoriJackTest.xcdatamodeld in Sources */,
				3B1896191B52DBB3007566DB /* AppDelegate.swift in Sources */,
			);
			runOnlyForDeploymentPostprocessing = 0;
		};
		3B1896271B52DBB3007566DB /* Sources */ = {
			isa = PBXSourcesBuildPhase;
			buildActionMask = 2147483647;
			files = (
				3B1896321B52DBB3007566DB /* LoriJackTestTests.swift in Sources */,
			);
			runOnlyForDeploymentPostprocessing = 0;
		};
/* End PBXSourcesBuildPhase section */

/* Begin PBXTargetDependency section */
		3B18962D1B52DBB3007566DB /* PBXTargetDependency */ = {
			isa = PBXTargetDependency;
			target = 3B1896121B52DBB3007566DB /* LoriJackTest */;
			targetProxy = 3B18962C1B52DBB3007566DB /* PBXContainerItemProxy */;
		};
/* End PBXTargetDependency section */

/* Begin PBXVariantGroup section */
		3B18961F1B52DBB3007566DB /* Main.storyboard */ = {
			isa = PBXVariantGroup;
			children = (
				3B1896201B52DBB3007566DB /* Base */,
			);
			name = Main.storyboard;
			sourceTree = "<group>";
		};
		3B1896241B52DBB3007566DB /* LaunchScreen.xib */ = {
			isa = PBXVariantGroup;
			children = (
				3B1896251B52DBB3007566DB /* Base */,
			);
			name = LaunchScreen.xib;
			sourceTree = "<group>";
		};
/* End PBXVariantGroup section */

/* Begin XCBuildConfiguration section */
		3B1896331B52DBB3007566DB /* Debug */ = {
			isa = XCBuildConfiguration;
			buildSettings = {
				ALWAYS_SEARCH_USER_PATHS = NO;
				CLANG_CXX_LANGUAGE_STANDARD = "gnu++0x";
				CLANG_CXX_LIBRARY = "libc++";
				CLANG_ENABLE_MODULES = YES;
				CLANG_ENABLE_OBJC_ARC = YES;
				CLANG_WARN_BOOL_CONVERSION = YES;
				CLANG_WARN_CONSTANT_CONVERSION = YES;
				CLANG_WARN_DIRECT_OBJC_ISA_USAGE = YES_ERROR;
				CLANG_WARN_EMPTY_BODY = YES;
				CLANG_WARN_ENUM_CONVERSION = YES;
				CLANG_WARN_INT_CONVERSION = YES;
				CLANG_WARN_OBJC_ROOT_CLASS = YES_ERROR;
				CLANG_WARN_UNREACHABLE_CODE = YES;
				CLANG_WARN__DUPLICATE_METHOD_MATCH = YES;
				"CODE_SIGN_IDENTITY[sdk=iphoneos*]" = "iPhone Developer";
				COPY_PHASE_STRIP = NO;
				DEBUG_INFORMATION_FORMAT = "dwarf-with-dsym";
				ENABLE_STRICT_OBJC_MSGSEND = YES;
				GCC_C_LANGUAGE_STANDARD = gnu99;
				GCC_DYNAMIC_NO_PIC = NO;
				GCC_NO_COMMON_BLOCKS = YES;
				GCC_OPTIMIZATION_LEVEL = 0;
				GCC_PREPROCESSOR_DEFINITIONS = (
					"DEBUG=1",
					"$(inherited)",
				);
				GCC_SYMBOLS_PRIVATE_EXTERN = NO;
				GCC_WARN_64_TO_32_BIT_CONVERSION = YES;
				GCC_WARN_ABOUT_RETURN_TYPE = YES_ERROR;
				GCC_WARN_UNDECLARED_SELECTOR = YES;
				GCC_WARN_UNINITIALIZED_AUTOS = YES_AGGRESSIVE;
				GCC_WARN_UNUSED_FUNCTION = YES;
				GCC_WARN_UNUSED_VARIABLE = YES;
				IPHONEOS_DEPLOYMENT_TARGET = 8.4;
				MTL_ENABLE_DEBUG_INFO = YES;
				ONLY_ACTIVE_ARCH = YES;
				SDKROOT = iphoneos;
				SWIFT_OPTIMIZATION_LEVEL = "-Onone";
				TARGETED_DEVICE_FAMILY = "1,2";
			};
			name = Debug;
		};
		3B1896341B52DBB3007566DB /* Release */ = {
			isa = XCBuildConfiguration;
			buildSettings = {
				ALWAYS_SEARCH_USER_PATHS = NO;
				CLANG_CXX_LANGUAGE_STANDARD = "gnu++0x";
				CLANG_CXX_LIBRARY = "libc++";
				CLANG_ENABLE_MODULES = YES;
				CLANG_ENABLE_OBJC_ARC = YES;
				CLANG_WARN_BOOL_CONVERSION = YES;
				CLANG_WARN_CONSTANT_CONVERSION = YES;
				CLANG_WARN_DIRECT_OBJC_ISA_USAGE = YES_ERROR;
				CLANG_WARN_EMPTY_BODY = YES;
				CLANG_WARN_ENUM_CONVERSION = YES;
				CLANG_WARN_INT_CONVERSION = YES;
				CLANG_WARN_OBJC_ROOT_CLASS = YES_ERROR;
				CLANG_WARN_UNREACHABLE_CODE = YES;
				CLANG_WARN__DUPLICATE_METHOD_MATCH = YES;
				"CODE_SIGN_IDENTITY[sdk=iphoneos*]" = "iPhone Developer";
				COPY_PHASE_STRIP = NO;
				DEBUG_INFORMATION_FORMAT = "dwarf-with-dsym";
				ENABLE_NS_ASSERTIONS = NO;
				ENABLE_STRICT_OBJC_MSGSEND = YES;
				GCC_C_LANGUAGE_STANDARD = gnu99;
				GCC_NO_COMMON_BLOCKS = YES;
				GCC_WARN_64_TO_32_BIT_CONVERSION = YES;
				GCC_WARN_ABOUT_RETURN_TYPE = YES_ERROR;
				GCC_WARN_UNDECLARED_SELECTOR = YES;
				GCC_WARN_UNINITIALIZED_AUTOS = YES_AGGRESSIVE;
				GCC_WARN_UNUSED_FUNCTION = YES;
				GCC_WARN_UNUSED_VARIABLE = YES;
				IPHONEOS_DEPLOYMENT_TARGET = 8.4;
				MTL_ENABLE_DEBUG_INFO = NO;
				SDKROOT = iphoneos;
				TARGETED_DEVICE_FAMILY = "1,2";
				VALIDATE_PRODUCT = YES;
			};
			name = Release;
		};
		3B1896361B52DBB3007566DB /* Debug */ = {
			isa = XCBuildConfiguration;
			buildSettings = {
				ASSETCATALOG_COMPILER_APPICON_NAME = AppIcon;
				INFOPLIST_FILE = LoriJackTest/Info.plist;
				LD_RUNPATH_SEARCH_PATHS = "$(inherited) @executable_path/Frameworks";
				PRODUCT_NAME = "$(TARGET_NAME)";
			};
			name = Debug;
		};
		3B1896371B52DBB3007566DB /* Release */ = {
			isa = XCBuildConfiguration;
			buildSettings = {
				ASSETCATALOG_COMPILER_APPICON_NAME = AppIcon;
				INFOPLIST_FILE = LoriJackTest/Info.plist;
				LD_RUNPATH_SEARCH_PATHS = "$(inherited) @executable_path/Frameworks";
				PRODUCT_NAME = "$(TARGET_NAME)";
			};
			name = Release;
		};
		3B1896391B52DBB3007566DB /* Debug */ = {
			isa = XCBuildConfiguration;
			buildSettings = {
				BUNDLE_LOADER = "$(TEST_HOST)";
				FRAMEWORK_SEARCH_PATHS = (
					"$(SDKROOT)/Developer/Library/Frameworks",
					"$(inherited)",
				);
				GCC_PREPROCESSOR_DEFINITIONS = (
					"DEBUG=1",
					"$(inherited)",
				);
				INFOPLIST_FILE = LoriJackTestTests/Info.plist;
				LD_RUNPATH_SEARCH_PATHS = "$(inherited) @executable_path/Frameworks @loader_path/Frameworks";
				PRODUCT_NAME = "$(TARGET_NAME)";
				TEST_HOST = "$(BUILT_PRODUCTS_DIR)/LoriJackTest.app/LoriJackTest";
			};
			name = Debug;
		};
		3B18963A1B52DBB3007566DB /* Release */ = {
			isa = XCBuildConfiguration;
			buildSettings = {
				BUNDLE_LOADER = "$(TEST_HOST)";
				FRAMEWORK_SEARCH_PATHS = (
					"$(SDKROOT)/Developer/Library/Frameworks",
					"$(inherited)",
				);
				INFOPLIST_FILE = LoriJackTestTests/Info.plist;
				LD_RUNPATH_SEARCH_PATHS = "$(inherited) @executable_path/Frameworks @loader_path/Frameworks";
				PRODUCT_NAME = "$(TARGET_NAME)";
				TEST_HOST = "$(BUILT_PRODUCTS_DIR)/LoriJackTest.app/LoriJackTest";
			};
			name = Release;
		};
/* End XCBuildConfiguration section */

/* Begin XCConfigurationList section */
		3B18960E1B52DBB3007566DB /* Build configuration list for PBXProject "LoriJackTest" */ = {
			isa = XCConfigurationList;
			buildConfigurations = (
				3B1896331B52DBB3007566DB /* Debug */,
				3B1896341B52DBB3007566DB /* Release */,
			);
			defaultConfigurationIsVisible = 0;
			defaultConfigurationName = Release;
		};
		3B1896351B52DBB3007566DB /* Build configuration list for PBXNativeTarget "LoriJackTest" */ = {
			isa = XCConfigurationList;
			buildConfigurations = (
				3B1896361B52DBB3007566DB /* Debug */,
				3B1896371B52DBB3007566DB /* Release */,
			);
			defaultConfigurationIsVisible = 0;
		};
		3B1896381B52DBB3007566DB /* Build configuration list for PBXNativeTarget "LoriJackTestTests" */ = {
			isa = XCConfigurationList;
			buildConfigurations = (
				3B1896391B52DBB3007566DB /* Debug */,
				3B18963A1B52DBB3007566DB /* Release */,
			);
			defaultConfigurationIsVisible = 0;
		};
/* End XCConfigurationList section */

/* Begin XCVersionGroup section */
		3B18961A1B52DBB3007566DB /* LoriJackTest.xcdatamodeld */ = {
			isa = XCVersionGroup;
			children = (
				3B18961B1B52DBB3007566DB /* LoriJackTest.xcdatamodel */,
			);
			currentVersion = 3B18961B1B52DBB3007566DB /* LoriJackTest.xcdatamodel */;
			path = LoriJackTest.xcdatamodeld;
			sourceTree = "<group>";
			versionGroupType = wrapper.xcdatamodel;
		};
/* End XCVersionGroup section */
	};
	rootObject = 3B18960B1B52DBB3007566DB /* Project object */;
}
